PODS:
  - Kingfisher (7.10.1)
  - ProgressHUD (13.8.6)
  - SwiftLint (0.54.0)

DEPENDENCIES:
  - Kingfisher (~> 7.0)
  - ProgressHUD (~> 13.8.6)
  - SwiftLint

SPEC REPOS:
  trunk:
    - Kingfisher
    - ProgressHUD
    - SwiftLint

SPEC CHECKSUMS:
  Kingfisher: bc5abe80a8e0144537ef1dd5a0b2621b04f7f439
  ProgressHUD: ee8924300accca88bfa39f6350f757c1c869a69c
  SwiftLint: c1de071d9d08c8aba837545f6254315bc900e211

PODFILE CHECKSUM: 969048a07d20f14e71b3b626a24ea0f332bcb9f3

COCOAPODS: 1.13.0
